{
  "name": "next-membership",
  "version": "0.0.1",
  "lockfileVersion": 1,
  "requires": true,
  "dependencies": {
    "babel-loader": {
      "version": "6.4.1",
      "resolved": "https://registry.npmjs.org/babel-loader/-/babel-loader-6.4.1.tgz",
      "integrity": "sha1-CzQRLVsHSKjc2/Uaz2+b1C1QuMo=",
      "dev": true
    },
    "babel-plugin-external-helpers": {
      "version": "6.22.0",
      "resolved": "https://registry.npmjs.org/babel-plugin-external-helpers/-/babel-plugin-external-helpers-6.22.0.tgz",
      "integrity": "sha1-IoX0iwK9Xe3oUXXK+MYuhq3M76E=",
      "dev": true
    },
    "babel-plugin-transform-runtime": {
      "version": "6.23.0",
      "resolved": "https://registry.npmjs.org/babel-plugin-transform-runtime/-/babel-plugin-transform-runtime-6.23.0.tgz",
      "integrity": "sha1-iEkNRGUC6puOfvsP4J7E2ZR5se4=",
      "dev": true
    },
    "babel-polyfill": {
      "version": "6.26.0",
      "resolved": "https://registry.npmjs.org/babel-polyfill/-/babel-polyfill-6.26.0.tgz",
      "integrity": "sha1-N5k3q8Z9eJWXCtxiHyhM2WbPIVM=",
      "dev": true,
      "dependencies": {
        "regenerator-runtime": {
          "version": "0.10.5",
          "resolved": "https://registry.npmjs.org/regenerator-runtime/-/regenerator-runtime-0.10.5.tgz",
          "integrity": "sha1-M2w+/BIgrc7dosn6tntaeVWjNlg="
        }
      }
    },
    "babel-preset-env": {
      "version": "1.6.1",
      "resolved": "https://registry.npmjs.org/babel-preset-env/-/babel-preset-env-1.6.1.tgz",
      "integrity": "sha512-W6VIyA6Ch9ePMI7VptNn2wBM6dbG0eSz25HEiL40nQXCsXGTGZSTZu1Iap+cj3Q0S5a7T9+529l/5Bkvd+afNA==",
      "dev": true,
      "dependencies": {
        "browserslist": {
          "version": "2.11.3",
          "resolved": "https://registry.npmjs.org/browserslist/-/browserslist-2.11.3.tgz",
          "integrity": "sha512-yWu5cXT7Av6mVwzWc8lMsJMHWn4xyjSuGYi4IozbVTLUOEYPSagUB8kiMDUHA1fS3zjr8nkxkn9jdvug4BBRmA=="
        }
      }
    },
    "babel-preset-es2015": {
      "version": "6.24.1",
      "resolved": "https://registry.npmjs.org/babel-preset-es2015/-/babel-preset-es2015-6.24.1.tgz",
      "integrity": "sha1-1EBQ1rwsn+6nAqrzjXJ6AhBTiTk=",
      "dev": true
    },
    "babel-register": {
      "version": "6.26.0",
      "resolved": "https://registry.npmjs.org/babel-register/-/babel-register-6.26.0.tgz",
      "integrity": "sha1-btAhFz4vy0htestFxgCahW9kcHE=",
      "dev": true,
      "dependencies": {
        "lodash": {
          "version": "4.17.4",
          "resolved": "https://registry.npmjs.org/lodash/-/lodash-4.17.4.tgz",
          "integrity": "sha1-eCA6TRwyiuHYbcpkYONptX9AVa4="
        }
      }
    },
    "bower": {
      "version": "1.8.8",
      "resolved": "https://registry.npmjs.org/bower/-/bower-1.8.8.tgz",
      "integrity": "sha512-1SrJnXnkP9soITHptSO+ahx3QKp3cVzn8poI6ujqc5SeOkg5iqM1pK9H+DSc2OQ8SnO0jC/NG4Ur/UIwy7574A=="
    },
    "browser-sync": {
      "version": "2.23.5",
      "resolved": "https://registry.npmjs.org/browser-sync/-/browser-sync-2.23.5.tgz",
      "integrity": "sha512-mfVCeIRgmEcYiBY7qpWXFdFH76ASmpLScRjFX87uDzLMVnXVHOgyw769CuureQyQk7e4UEec1qsviTkQ3XTiFA==",
      "dev": true
    },
    "del": {
      "version": "2.2.2",
      "resolved": "https://registry.npmjs.org/del/-/del-2.2.2.tgz",
      "integrity": "sha1-wSyYHQZ4RshLyvhiz/kw2Qf/0ag=",
      "dev": true
    },
    "fs-jetpack": {
      "version": "1.2.0",
      "resolved": "https://registry.npmjs.org/fs-jetpack/-/fs-jetpack-1.2.0.tgz",
      "integrity": "sha512-wEncEDStClGlHrQvqClINppjLdjQMcy3UFhu4DKrbTCIQHmiC+7r3nNvnc+3aiHxHaPfWXdA8UdCHNHGLJKciA==",
      "dev": true
    },
    "gulp": {
      "version": "github:gulpjs/gulp#71c094a51c7972d26f557899ddecab0210ef3776",
      "from": "github:gulpjs/gulp#71c094a51c7972d26f557899ddecab0210ef3776",
      "dev": true,
      "dependencies": {
        "camelcase": {
          "version": "3.0.0",
          "resolved": "https://registry.npmjs.org/camelcase/-/camelcase-3.0.0.tgz",
          "integrity": "sha1-MvxLn82vhF/N9+c7uXysImHwqwo="
        },
        "gulp-cli": {
          "version": "2.0.1",
          "resolved": "https://registry.npmjs.org/gulp-cli/-/gulp-cli-2.0.1.tgz",
          "integrity": "sha512-RxujJJdN8/O6IW2nPugl7YazhmrIEjmiVfPKrWt68r71UCaLKS71Hp0gpKT+F6qOUFtr7KqtifDKaAJPRVvMYQ==",
          "requires": {
            "color-support": "1.1.3",
            "fancy-log": "1.3.2",
            "gulplog": "1.0.0",
            "isobject": "3.0.1",
            "yargs": "7.1.0"
          }
        },
        "isobject": {
          "version": "3.0.1",
          "resolved": "https://registry.npmjs.org/isobject/-/isobject-3.0.1.tgz",
          "integrity": "sha1-TkMekrEalzFjaqH5yNHMvP2reN8="
        },
        "yargs": {
          "version": "7.1.0",
          "resolved": "https://registry.npmjs.org/yargs/-/yargs-7.1.0.tgz",
          "integrity": "sha1-a6MY6xaWFyf10oT46gA+jWFU0Mg=",
          "requires": {
            "camelcase": "3.0.0",
            "cliui": "3.2.0",
            "decamelize": "1.2.0",
            "get-caller-file": "1.0.2",
            "os-locale": "1.4.0",
            "read-pkg-up": "1.0.1",
            "require-directory": "2.1.1",
            "require-main-filename": "1.0.1",
            "set-blocking": "2.0.0",
            "string-width": "1.0.2",
            "which-module": "1.0.0",
            "y18n": "3.2.1",
            "yargs-parser": "5.0.0"
          }
        },
        "yargs-parser": {
          "version": "5.0.0",
          "resolved": "https://registry.npmjs.org/yargs-parser/-/yargs-parser-5.0.0.tgz",
          "integrity": "sha1-J17PDX/+Bcd+ZOfIbkzZS/DhIoo=",
          "requires": {
            "camelcase": "3.0.0"
          }
        }
      }
    },
    "gulp-changed": {
      "version": "2.0.0",
      "resolved": "https://registry.npmjs.org/gulp-changed/-/gulp-changed-2.0.0.tgz",
      "integrity": "sha1-c5bZWuqzXGvLy3UWn9fySicaATs=",
      "dev": true
    },
    "gulp-cssnano": {
      "version": "2.1.2",
      "resolved": "https://registry.npmjs.org/gulp-cssnano/-/gulp-cssnano-2.1.2.tgz",
      "integrity": "sha1-4IoJdx7FRUpUnxoAW90lbLjl4KM=",
      "dev": true
    },
    "gulp-htmlmin": {
      "version": "3.0.0",
      "resolved": "https://registry.npmjs.org/gulp-htmlmin/-/gulp-htmlmin-3.0.0.tgz",
      "integrity": "sha1-GeqAAtEjHWsfGKEtIPKmand3D7M=",
      "dev": true
    },
    "gulp-jshint": {
      "version": "2.1.0",
      "resolved": "https://registry.npmjs.org/gulp-jshint/-/gulp-jshint-2.1.0.tgz",
      "integrity": "sha512-sP3NK8Y/1e58O0PH9t6s7DAr/lKDSUbIY207oWSeufM6/VclB7jJrIBcPCsyhrFTCDUl9DauePbt6VqP2vPM5w==",
      "dev": true,
      "dependencies": {
        "lodash": {
          "version": "4.17.4",
          "resolved": "https://registry.npmjs.org/lodash/-/lodash-4.17.4.tgz",
          "integrity": "sha1-eCA6TRwyiuHYbcpkYONptX9AVa4="
        }
      }
    },
    "gulp-load-plugins": {
      "version": "1.5.0",
      "resolved": "https://registry.npmjs.org/gulp-load-plugins/-/gulp-load-plugins-1.5.0.tgz",
      "integrity": "sha1-TEGffldk2aDjMGG6uWGPgbc9QXE=",
      "dev": true,
      "dependencies": {
        "detect-file": {
          "version": "0.1.0",
          "resolved": "https://registry.npmjs.org/detect-file/-/detect-file-0.1.0.tgz",
          "integrity": "sha1-STXe39lIhkjgBrASlWbpOGcR6mM="
        },
        "expand-tilde": {
          "version": "1.2.2",
          "resolved": "https://registry.npmjs.org/expand-tilde/-/expand-tilde-1.2.2.tgz",
          "integrity": "sha1-C4HrqJflo9MdHD0QL48BRB5VlEk="
        },
        "findup-sync": {
          "version": "0.4.3",
          "resolved": "https://registry.npmjs.org/findup-sync/-/findup-sync-0.4.3.tgz",
          "integrity": "sha1-QAQ5Kee8YK3wt/SCfExudaDeyhI="
        },
        "global-modules": {
          "version": "0.2.3",
          "resolved": "https://registry.npmjs.org/global-modules/-/global-modules-0.2.3.tgz",
          "integrity": "sha1-6lo77ULG1s6ZWk+KEmm12uIjgo0="
        },
        "global-prefix": {
          "version": "0.1.5",
          "resolved": "https://registry.npmjs.org/global-prefix/-/global-prefix-0.1.5.tgz",
          "integrity": "sha1-jTvGuNo8qBEqFg2NSW/wRiv+948="
        },
        "is-windows": {
          "version": "0.2.0",
          "resolved": "https://registry.npmjs.org/is-windows/-/is-windows-0.2.0.tgz",
          "integrity": "sha1-3hqm1j6indJIc3tp8f+LgALSEIw="
        },
        "resolve-dir": {
          "version": "0.1.1",
          "resolved": "https://registry.npmjs.org/resolve-dir/-/resolve-dir-0.1.1.tgz",
          "integrity": "sha1-shklmlYC+sXFxJatiUpujMQwJh4="
        }
      }
    },
    "gulp-plumber": {
      "version": "1.2.0",
      "resolved": "https://registry.npmjs.org/gulp-plumber/-/gulp-plumber-1.2.0.tgz",
      "integrity": "sha512-L/LJftsbKoHbVj6dN5pvMsyJn9jYI0wT0nMg3G6VZhDac4NesezecYTi8/48rHi+yEic3sUpw6jlSc7qNWh32A==",
      "dev": true
    },
    "gulp-postcss": {
      "version": "6.4.0",
      "resolved": "https://registry.npmjs.org/gulp-postcss/-/gulp-postcss-6.4.0.tgz",
      "integrity": "sha1-eKMuPIeqbNzsWuHJBeGW1HjoxdU=",
      "dev": true
    },
    "gulp-rename": {
      "version": "1.2.2",
      "resolved": "https://registry.npmjs.org/gulp-rename/-/gulp-rename-1.2.2.tgz",
      "integrity": "sha1-OtRCh2PwXidk3sHGfYaNsnVoeBc=",
      "dev": true
    },
    "gulp-sass": {
      "version": "3.1.0",
      "resolved": "https://registry.npmjs.org/gulp-sass/-/gulp-sass-3.1.0.tgz",
      "integrity": "sha1-U9xLaKH13f5EJKtMJHZVJpqLdLc=",
      "dev": true
    },
    "gulp-sourcemaps": {
      "version": "2.6.3",
      "resolved": "https://registry.npmjs.org/gulp-sourcemaps/-/gulp-sourcemaps-2.6.3.tgz",
      "integrity": "sha1-EbAz91n5CeCl8Vt730esKcxU76Q=",
      "dev": true
    },
    "gulp-uglify": {
      "version": "2.1.2",
      "resolved": "https://registry.npmjs.org/gulp-uglify/-/gulp-uglify-2.1.2.tgz",
      "integrity": "sha1-bbhbHQ7mPRgFhZK2WGSdZcLsRUE=",
      "dev": true,
      "dependencies": {
        "cliui": {
          "version": "2.1.0",
          "resolved": "https://registry.npmjs.org/cliui/-/cliui-2.1.0.tgz",
          "integrity": "sha1-S0dXYP+AJkx2LDoXGQMukcf+oNE="
        },
        "lodash": {
          "version": "4.17.4",
          "resolved": "https://registry.npmjs.org/lodash/-/lodash-4.17.4.tgz",
          "integrity": "sha1-eCA6TRwyiuHYbcpkYONptX9AVa4="
        },
        "uglify-js": {
          "version": "2.8.29",
          "resolved": "https://registry.npmjs.org/uglify-js/-/uglify-js-2.8.29.tgz",
          "integrity": "sha1-KcVzMUgFe7Th913zW3qcty5qWd0="
        },
        "window-size": {
          "version": "0.1.0",
          "resolved": "https://registry.npmjs.org/window-size/-/window-size-0.1.0.tgz",
          "integrity": "sha1-VDjNLqk7IC76Ohn+iIeu58lPnJ0="
        },
        "wordwrap": {
          "version": "0.0.2",
          "resolved": "https://registry.npmjs.org/wordwrap/-/wordwrap-0.0.2.tgz",
          "integrity": "sha1-t5Zpu0LstAn4PVg8rVLKF+qhZD8="
        },
        "yargs": {
          "version": "3.10.0",
          "resolved": "https://registry.npmjs.org/yargs/-/yargs-3.10.0.tgz",
          "integrity": "sha1-9+572FfdfB0tOMDnTvvWgdFDH9E="
        }
      }
    },
    "gulp-useref": {
      "version": "3.1.4",
      "resolved": "https://registry.npmjs.org/gulp-useref/-/gulp-useref-3.1.4.tgz",
      "integrity": "sha512-2FeoaliT3mR683XXaqbj/S+FlmOsrgtTrl7Gy0ZFDxhnPXA3dEkeyNAEECStmCv7hreqrxBh9eBV0wM4WgZN0g==",
      "dev": true
    },
    "gulp-util": {
      "version": "3.0.8",
      "resolved": "https://registry.npmjs.org/gulp-util/-/gulp-util-3.0.8.tgz",
      "integrity": "sha1-AFTh50RQLifATBh8PsxQXdVLu08=",
      "dev": true,
      "dependencies": {
        "clone": {
          "version": "1.0.3",
          "resolved": "https://registry.npmjs.org/clone/-/clone-1.0.3.tgz",
          "integrity": "sha1-KY1+IjFmD0DAA8LtMUDezz9TCF8="
        },
        "clone-stats": {
          "version": "0.0.1",
          "resolved": "https://registry.npmjs.org/clone-stats/-/clone-stats-0.0.1.tgz",
          "integrity": "sha1-uI+UqCzzi4eR1YBG6kAprYjKmdE="
        },
        "object-assign": {
          "version": "3.0.0",
          "resolved": "https://registry.npmjs.org/object-assign/-/object-assign-3.0.0.tgz",
          "integrity": "sha1-m+3VygiXlJvKR+f/QIBi1Un1h/I="
        },
        "replace-ext": {
          "version": "0.0.1",
          "resolved": "https://registry.npmjs.org/replace-ext/-/replace-ext-0.0.1.tgz",
          "integrity": "sha1-KbvZIHinOfC8zitO5B6DeVNSKSQ="
        },
        "vinyl": {
          "version": "0.5.3",
          "resolved": "https://registry.npmjs.org/vinyl/-/vinyl-0.5.3.tgz",
          "integrity": "sha1-sEVbOPxeDPMNQyUTLkYZcMIJHN4="
        }
      }
    },
    "inline-source": {
      "version": "5.2.7",
      "resolved": "https://registry.npmjs.org/inline-source/-/inline-source-5.2.7.tgz",
      "integrity": "sha512-RvMOGMXxAqqve4ld128B7TYyNR2aP1LB38dcSpWFmqXrhKPuey1+yFU6kFUgyH8IWX+gRZdWtHN4eQ9d0IpFZg==",
      "dev": true
    },
    "jshint": {
      "version": "2.9.5",
      "resolved": "https://registry.npmjs.org/jshint/-/jshint-2.9.5.tgz",
      "integrity": "sha1-HnJSkVzmgbQIJ+4UJIxG006apiw=",
      "dev": true,
      "dependencies": {
        "domhandler": {
          "version": "2.3.0",
          "resolved": "https://registry.npmjs.org/domhandler/-/domhandler-2.3.0.tgz",
          "integrity": "sha1-LeWaCCLVAn+r/28DLCsloqir5zg="
        },
        "domutils": {
          "version": "1.5.1",
          "resolved": "https://registry.npmjs.org/domutils/-/domutils-1.5.1.tgz",
          "integrity": "sha1-3NhIiib1Y9YQeeSMn3t+Mjc2gs8="
        },
        "entities": {
          "version": "1.0.0",
          "resolved": "https://registry.npmjs.org/entities/-/entities-1.0.0.tgz",
          "integrity": "sha1-sph6o4ITR/zeZCsk/fyeT7cSvyY="
        },
        "htmlparser2": {
          "version": "3.8.3",
          "resolved": "https://registry.npmjs.org/htmlparser2/-/htmlparser2-3.8.3.tgz",
          "integrity": "sha1-mWwosZFRaovoZQGn15dX5ccMEGg="
        },
        "isarray": {
          "version": "0.0.1",
          "resolved": "https://registry.npmjs.org/isarray/-/isarray-0.0.1.tgz",
          "integrity": "sha1-ihis/Kmo9Bd+Cav8YDiTmwXR7t8="
        },
        "lodash": {
          "version": "3.7.0",
          "resolved": "https://registry.npmjs.org/lodash/-/lodash-3.7.0.tgz",
          "integrity": "sha1-Nni9irmVBXwHreg27S7wh9qBHUU="
        },
        "readable-stream": {
          "version": "1.1.14",
          "resolved": "https://registry.npmjs.org/readable-stream/-/readable-stream-1.1.14.tgz",
          "integrity": "sha1-fPTFTvZI44EwhMY23SB54WbAgdk="
        },
        "shelljs": {
          "version": "0.3.0",
          "resolved": "https://registry.npmjs.org/shelljs/-/shelljs-0.3.0.tgz",
          "integrity": "sha1-NZbmMHp4FUT1kfN9phg2DzHbV7E="
        },
        "string_decoder": {
          "version": "0.10.31",
          "resolved": "https://registry.npmjs.org/string_decoder/-/string_decoder-0.10.31.tgz",
          "integrity": "sha1-YuIDvEF2bGwoyfyEMB2rHFMQ+pQ="
        },
        "strip-json-comments": {
          "version": "1.0.4",
          "resolved": "https://registry.npmjs.org/strip-json-comments/-/strip-json-comments-1.0.4.tgz",
          "integrity": "sha1-HhX7ysl9Pumb8tc7TGVrCCu6+5E="
        }
      }
    },
    "jshint-stylish": {
      "version": "2.2.1",
      "resolved": "https://registry.npmjs.org/jshint-stylish/-/jshint-stylish-2.2.1.tgz",
      "integrity": "sha1-JCCCosA1rgP9gQROBXDMQgjPbmE=",
      "dev": true
    },
    "load-json-file": {
      "version": "2.0.0",
      "resolved": "https://registry.npmjs.org/load-json-file/-/load-json-file-2.0.0.tgz",
      "integrity": "sha1-eUfkIUmvgNaWy/eXvKq8/h/inKg=",
      "dev": true,
      "dependencies": {
        "strip-bom": {
          "version": "3.0.0",
          "resolved": "https://registry.npmjs.org/strip-bom/-/strip-bom-3.0.0.tgz",
          "integrity": "sha1-IzTBjpx1n3vdVv3vfprj1YjmjtM="
        }
      }
    },
    "nunjucks": {
      "version": "3.0.1",
      "resolved": "https://registry.npmjs.org/nunjucks/-/nunjucks-3.0.1.tgz",
      "integrity": "sha1-TedKPlULr2+jNwMj89HHwqhr3E0=",
      "dev": true,
      "dependencies": {
        "camelcase": {
          "version": "2.1.1",
          "resolved": "https://registry.npmjs.org/camelcase/-/camelcase-2.1.1.tgz",
          "integrity": "sha1-fB0W1nmhu+WcoCys7PsBHiAfWh8="
        },
        "yargs": {
          "version": "3.32.0",
          "resolved": "https://registry.npmjs.org/yargs/-/yargs-3.32.0.tgz",
          "integrity": "sha1-AwiOnr+edWtpdRYR0qXvWRSCyZU="
        }
      }
    },
    "pify": {
      "version": "2.3.0",
      "resolved": "https://registry.npmjs.org/pify/-/pify-2.3.0.tgz",
      "integrity": "sha1-7RQaasBDqEnqWISY59yosVMw6Qw=",
      "dev": true
    },
    "postcss-cssnext": {
      "version": "2.11.0",
      "resolved": "https://registry.npmjs.org/postcss-cssnext/-/postcss-cssnext-2.11.0.tgz",
      "integrity": "sha1-MeaPAB5AlgTacDtm3hS4uMjJ8rE=",
      "dev": true
    },
    "promisify-node": {
      "version": "0.4.0",
      "resolved": "https://registry.npmjs.org/promisify-node/-/promisify-node-0.4.0.tgz",
      "integrity": "sha1-MoA4dOxBF4TkeGwzmQKoeheaRpw=",
      "dev": true
    },
    "rollup": {
      "version": "0.53.4",
      "resolved": "https://registry.npmjs.org/rollup/-/rollup-0.53.4.tgz",
      "integrity": "sha512-ErW5cFw5KY/qiyUlPDJ7iBhw51Iro/oyvxETupO85bMg5T7MLlFj3lEDzwjLTOxJAyzWQanUYj/LZHm6aLLm5w==",
      "dev": true
    },
    "rollup-plugin-babel": {
      "version": "3.0.3",
      "resolved": "https://registry.npmjs.org/rollup-plugin-babel/-/rollup-plugin-babel-3.0.3.tgz",
      "integrity": "sha512-5kzM/Rr4jQSRPLc2eN5NuD+CI/6AAy7S1O18Ogu4U3nq1Q42VJn0C9EMtqnvxtfwf1XrezOtdA9ro1VZI5B0mA==",
      "dev": true
    },
    "rollup-plugin-buble": {
      "version": "0.18.0",
      "resolved": "https://registry.npmjs.org/rollup-plugin-buble/-/rollup-plugin-buble-0.18.0.tgz",
      "integrity": "sha512-rd3JG2MxvQXfg5coCw0IyZV8QrsceVI4zfJgGVgkUnntwp+gnjv7TsKWGKGoLNMGAMRKQlhcsSyvUuvOL+vNHw==",
      "dev": true,
      "dependencies": {
        "estree-walker": {
          "version": "0.3.1",
          "resolved": "https://registry.npmjs.org/estree-walker/-/estree-walker-0.3.1.tgz",
          "integrity": "sha1-5rGlHPcpJSTnI3wxLl/mZgwc4ao="
        },
        "rollup-pluginutils": {
          "version": "2.0.1",
          "resolved": "https://registry.npmjs.org/rollup-pluginutils/-/rollup-pluginutils-2.0.1.tgz",
          "integrity": "sha1-fslbNXP2VDpGpkYb2afFRFJdD8A="
        }
      }
    },
    "rollup-plugin-node-resolve": {
      "version": "3.0.2",
      "resolved": "https://registry.npmjs.org/rollup-plugin-node-resolve/-/rollup-plugin-node-resolve-3.0.2.tgz",
      "integrity": "sha512-ZwmMip/yqw6cmDQJuCQJ1G7gw2z11iGUtQNFYrFZHmqadRHU+OZGC3nOXwXu+UTvcm5lzDspB1EYWrkTgPWybw==",
      "dev": true
    },
    "rollup-plugin-uglify": {
      "version": "2.0.1",
      "resolved": "https://registry.npmjs.org/rollup-plugin-uglify/-/rollup-plugin-uglify-2.0.1.tgz",
      "integrity": "sha1-Z7N60e/a+9g69MNrQMGJ7khmyWk=",
      "dev": true
    }
  }
}
